
Microsoft Visual Studio Solution File, Format Version 12.00
# Visual Studio Version 17
VisualStudioVersion = 17.11.35222.181
MinimumVisualStudioVersion = 10.0.40219.1
Project("{FAE04EC0-301F-11D3-BF4B-00C04F79EFBC}") = "2024_11_07_Feladat2", "2024_11_07_Feladat2\2024_11_07_Feladat2.csproj", "{AEC19100-CD72-43AB-A44F-31C959DCFA48}"
EndProject
Global
	GlobalSection(SolutionConfigurationPlatforms) = preSolution
		Debug|Any CPU = Debug|Any CPU
		Release|Any CPU = Release|Any CPU
	EndGlobalSection
	GlobalSection(ProjectConfigurationPlatforms) = postSolution
		{AEC19100-CD72-43AB-A44F-31C959DCFA48}.Debug|Any CPU.ActiveCfg = Debug|Any CPU
		{AEC19100-CD72-43AB-A44F-31C959DCFA48}.Debug|Any CPU.Build.0 = Debug|Any CPU
		{AEC19100-CD72-43AB-A44F-31C959DCFA48}.Release|Any CPU.ActiveCfg = Release|Any CPU
		{AEC19100-CD72-43AB-A44F-31C959DCFA48}.Release|Any CPU.Build.0 = Release|Any CPU
	EndGlobalSection
	GlobalSection(SolutionProperties) = preSolution
		HideSolutionNode = FALSE
	EndGlobalSection
	GlobalSection(ExtensibilityGlobals) = postSolution
		SolutionGuid = {43609618-8372-4A7F-B6EB-2E7B04E8B936}
	EndGlobalSection
EndGlobal
