
Microsoft Visual Studio Solution File, Format Version 12.00
# Visual Studio Version 17
VisualStudioVersion = 17.11.35222.181
MinimumVisualStudioVersion = 10.0.40219.1
Project("{FAE04EC0-301F-11D3-BF4B-00C04F79EFBC}") = "ConsoleApp1", "ConsoleApp1\ConsoleApp1.csproj", "{FFC856FF-2769-4DAB-8F4E-46E4F3DA0794}"
EndProject
Global
	GlobalSection(SolutionConfigurationPlatforms) = preSolution
		Debug|Any CPU = Debug|Any CPU
		Release|Any CPU = Release|Any CPU
	EndGlobalSection
	GlobalSection(ProjectConfigurationPlatforms) = postSolution
		{FFC856FF-2769-4DAB-8F4E-46E4F3DA0794}.Debug|Any CPU.ActiveCfg = Debug|Any CPU
		{FFC856FF-2769-4DAB-8F4E-46E4F3DA0794}.Debug|Any CPU.Build.0 = Debug|Any CPU
		{FFC856FF-2769-4DAB-8F4E-46E4F3DA0794}.Release|Any CPU.ActiveCfg = Release|Any CPU
		{FFC856FF-2769-4DAB-8F4E-46E4F3DA0794}.Release|Any CPU.Build.0 = Release|Any CPU
	EndGlobalSection
	GlobalSection(SolutionProperties) = preSolution
		HideSolutionNode = FALSE
	EndGlobalSection
	GlobalSection(ExtensibilityGlobals) = postSolution
		SolutionGuid = {A5DD2FF6-ACE5-4AEA-B940-0EB83A1CDC94}
	EndGlobalSection
EndGlobal
