
Microsoft Visual Studio Solution File, Format Version 12.00
# Visual Studio Version 17
VisualStudioVersion = 17.11.35222.181
MinimumVisualStudioVersion = 10.0.40219.1
Project("{FAE04EC0-301F-11D3-BF4B-00C04F79EFBC}") = "2025_01_31_FormAlapok", "2025_01_31_FormAlapok\2025_01_31_FormAlapok.csproj", "{1095A320-1B96-47E0-B5DA-9E830E33A708}"
EndProject
Global
	GlobalSection(SolutionConfigurationPlatforms) = preSolution
		Debug|Any CPU = Debug|Any CPU
		Release|Any CPU = Release|Any CPU
	EndGlobalSection
	GlobalSection(ProjectConfigurationPlatforms) = postSolution
		{1095A320-1B96-47E0-B5DA-9E830E33A708}.Debug|Any CPU.ActiveCfg = Debug|Any CPU
		{1095A320-1B96-47E0-B5DA-9E830E33A708}.Debug|Any CPU.Build.0 = Debug|Any CPU
		{1095A320-1B96-47E0-B5DA-9E830E33A708}.Release|Any CPU.ActiveCfg = Release|Any CPU
		{1095A320-1B96-47E0-B5DA-9E830E33A708}.Release|Any CPU.Build.0 = Release|Any CPU
	EndGlobalSection
	GlobalSection(SolutionProperties) = preSolution
		HideSolutionNode = FALSE
	EndGlobalSection
	GlobalSection(ExtensibilityGlobals) = postSolution
		SolutionGuid = {22673409-993C-4E17-A79C-7B09E2536A21}
	EndGlobalSection
EndGlobal
