
Microsoft Visual Studio Solution File, Format Version 12.00
# Visual Studio Version 17
VisualStudioVersion = 17.11.35222.181
MinimumVisualStudioVersion = 10.0.40219.1
Project("{FAE04EC0-301F-11D3-BF4B-00C04F79EFBC}") = "2024_11_08_Feladat3", "2024_11_08_Feladat3\2024_11_08_Feladat3.csproj", "{6E96E4C0-4128-45CF-8040-B2210B5C582F}"
EndProject
Global
	GlobalSection(SolutionConfigurationPlatforms) = preSolution
		Debug|Any CPU = Debug|Any CPU
		Release|Any CPU = Release|Any CPU
	EndGlobalSection
	GlobalSection(ProjectConfigurationPlatforms) = postSolution
		{6E96E4C0-4128-45CF-8040-B2210B5C582F}.Debug|Any CPU.ActiveCfg = Debug|Any CPU
		{6E96E4C0-4128-45CF-8040-B2210B5C582F}.Debug|Any CPU.Build.0 = Debug|Any CPU
		{6E96E4C0-4128-45CF-8040-B2210B5C582F}.Release|Any CPU.ActiveCfg = Release|Any CPU
		{6E96E4C0-4128-45CF-8040-B2210B5C582F}.Release|Any CPU.Build.0 = Release|Any CPU
	EndGlobalSection
	GlobalSection(SolutionProperties) = preSolution
		HideSolutionNode = FALSE
	EndGlobalSection
	GlobalSection(ExtensibilityGlobals) = postSolution
		SolutionGuid = {078C733A-7277-4755-8C80-FB1AE72A43D8}
	EndGlobalSection
EndGlobal
